
Microsoft Visual Studio Solution File, Format Version 12.00
# Visual Studio Version 16
VisualStudioVersion = 16.0.30804.86
MinimumVisualStudioVersion = 10.0.40219.1
Project("{9A19103F-16F7-4668-BE54-9A1E7A4F7556}") = "BruteForceHash", "BruteForceHash\BruteForceHash.csproj", "{715D2785-D5AF-4E01-A32E-1929CC7CBAE7}"
EndProject
Project("{9A19103F-16F7-4668-BE54-9A1E7A4F7556}") = "BruteForceHash.GUI", "BruteForceHash.GUI\BruteForceHash.GUI.csproj", "{B29DF098-1DCA-4542-B7E5-F71250AFEC4A}"
EndProject
Project("{2150E333-8FDC-42A3-9474-1A3956D46DE8}") = "Tools", "Tools", "{F11EE245-C3CD-42B4-ADA8-B220982ECEE6}"
EndProject
Project("{9A19103F-16F7-4668-BE54-9A1E7A4F7556}") = "DictTransformation", "Tools\DictAddTypos\DictTransformation.csproj", "{BFD638AF-D601-4E58-8620-460609B719FA}"
EndProject
Project("{9A19103F-16F7-4668-BE54-9A1E7A4F7556}") = "HashCleanup", "Tools\HashCleanup\HashCleanup.csproj", "{6D861219-69EC-4104-8892-220C137A3030}"
EndProject
Project("{9A19103F-16F7-4668-BE54-9A1E7A4F7556}") = "HashParser", "Tools\HashParser\HashParser.csproj", "{2A69DC36-DECF-44E9-8E22-7A8415C65289}"
EndProject
Global
	GlobalSection(SolutionConfigurationPlatforms) = preSolution
		Debug|Any CPU = Debug|Any CPU
		Release|Any CPU = Release|Any CPU
	EndGlobalSection
	GlobalSection(ProjectConfigurationPlatforms) = postSolution
		{715D2785-D5AF-4E01-A32E-1929CC7CBAE7}.Debug|Any CPU.ActiveCfg = Debug|Any CPU
		{715D2785-D5AF-4E01-A32E-1929CC7CBAE7}.Debug|Any CPU.Build.0 = Debug|Any CPU
		{715D2785-D5AF-4E01-A32E-1929CC7CBAE7}.Release|Any CPU.ActiveCfg = Release|Any CPU
		{715D2785-D5AF-4E01-A32E-1929CC7CBAE7}.Release|Any CPU.Build.0 = Release|Any CPU
		{B29DF098-1DCA-4542-B7E5-F71250AFEC4A}.Debug|Any CPU.ActiveCfg = Debug|Any CPU
		{B29DF098-1DCA-4542-B7E5-F71250AFEC4A}.Debug|Any CPU.Build.0 = Debug|Any CPU
		{B29DF098-1DCA-4542-B7E5-F71250AFEC4A}.Release|Any CPU.ActiveCfg = Release|Any CPU
		{B29DF098-1DCA-4542-B7E5-F71250AFEC4A}.Release|Any CPU.Build.0 = Release|Any CPU
		{BFD638AF-D601-4E58-8620-460609B719FA}.Debug|Any CPU.ActiveCfg = Debug|Any CPU
		{BFD638AF-D601-4E58-8620-460609B719FA}.Debug|Any CPU.Build.0 = Debug|Any CPU
		{BFD638AF-D601-4E58-8620-460609B719FA}.Release|Any CPU.ActiveCfg = Release|Any CPU
		{BFD638AF-D601-4E58-8620-460609B719FA}.Release|Any CPU.Build.0 = Release|Any CPU
		{6D861219-69EC-4104-8892-220C137A3030}.Debug|Any CPU.ActiveCfg = Debug|Any CPU
		{6D861219-69EC-4104-8892-220C137A3030}.Debug|Any CPU.Build.0 = Debug|Any CPU
		{6D861219-69EC-4104-8892-220C137A3030}.Release|Any CPU.ActiveCfg = Release|Any CPU
		{6D861219-69EC-4104-8892-220C137A3030}.Release|Any CPU.Build.0 = Release|Any CPU
		{2A69DC36-DECF-44E9-8E22-7A8415C65289}.Debug|Any CPU.ActiveCfg = Debug|Any CPU
		{2A69DC36-DECF-44E9-8E22-7A8415C65289}.Debug|Any CPU.Build.0 = Debug|Any CPU
		{2A69DC36-DECF-44E9-8E22-7A8415C65289}.Release|Any CPU.ActiveCfg = Release|Any CPU
		{2A69DC36-DECF-44E9-8E22-7A8415C65289}.Release|Any CPU.Build.0 = Release|Any CPU
	EndGlobalSection
	GlobalSection(SolutionProperties) = preSolution
		HideSolutionNode = FALSE
	EndGlobalSection
	GlobalSection(NestedProjects) = preSolution
		{BFD638AF-D601-4E58-8620-460609B719FA} = {F11EE245-C3CD-42B4-ADA8-B220982ECEE6}
		{6D861219-69EC-4104-8892-220C137A3030} = {F11EE245-C3CD-42B4-ADA8-B220982ECEE6}
		{2A69DC36-DECF-44E9-8E22-7A8415C65289} = {F11EE245-C3CD-42B4-ADA8-B220982ECEE6}
	EndGlobalSection
	GlobalSection(ExtensibilityGlobals) = postSolution
		SolutionGuid = {8C3FFE77-9564-4A8F-969C-773584C00F90}
	EndGlobalSection
EndGlobal
